// !$*UTF8*$!
{
	archiveVersion = 1;
	classes = {
	};
	objectVersion = 50;
	objects = {

/* Begin PBXBuildFile section */
		92AC5915247E51B900BB30E8 /* OnboardingView.swift in Sources */ = {isa = PBXBuildFile; fileRef = 92AC5914247E51B900BB30E8 /* OnboardingView.swift */; };
		92AC5917247E763200BB30E8 /* UserDefaultConfig.swift in Sources */ = {isa = PBXBuildFile; fileRef = 92AC5916247E763100BB30E8 /* UserDefaultConfig.swift */; };
		92AC5919247E7E8C00BB30E8 /* Score.swift in Sources */ = {isa = PBXBuildFile; fileRef = 92AC5918247E7E8C00BB30E8 /* Score.swift */; };
		B8F706D8247E43960068A802 /* AppDelegate.swift in Sources */ = {isa = PBXBuildFile; fileRef = B8F706D7247E43960068A802 /* AppDelegate.swift */; };
		B8F706DA247E43960068A802 /* SceneDelegate.swift in Sources */ = {isa = PBXBuildFile; fileRef = B8F706D9247E43960068A802 /* SceneDelegate.swift */; };
		B8F706DC247E43960068A802 /* HomeView.swift in Sources */ = {isa = PBXBuildFile; fileRef = B8F706DB247E43960068A802 /* HomeView.swift */; };
		B8F706DE247E43990068A802 /* Assets.xcassets in Resources */ = {isa = PBXBuildFile; fileRef = B8F706DD247E43990068A802 /* Assets.xcassets */; };
		B8F706E1247E43990068A802 /* Preview Assets.xcassets in Resources */ = {isa = PBXBuildFile; fileRef = B8F706E0247E43990068A802 /* Preview Assets.xcassets */; };
		B8F706E4247E43990068A802 /* LaunchScreen.storyboard in Resources */ = {isa = PBXBuildFile; fileRef = B8F706E2247E43990068A802 /* LaunchScreen.storyboard */; };
		B8F706EF247E43990068A802 /* instaactionTests.swift in Sources */ = {isa = PBXBuildFile; fileRef = B8F706EE247E43990068A802 /* instaactionTests.swift */; };
/* End PBXBuildFile section */

/* Begin PBXContainerItemProxy section */
		B8F706EB247E43990068A802 /* PBXContainerItemProxy */ = {
			isa = PBXContainerItemProxy;
			containerPortal = B8F706CC247E43960068A802 /* Project object */;
			proxyType = 1;
			remoteGlobalIDString = B8F706D3247E43960068A802;
			remoteInfo = instaaction;
		};
/* End PBXContainerItemProxy section */

/* Begin PBXFileReference section */
		92AC5914247E51B900BB30E8 /* OnboardingView.swift */ = {isa = PBXFileReference; lastKnownFileType = sourcecode.swift; path = OnboardingView.swift; sourceTree = "<group>"; };
		92AC5916247E763100BB30E8 /* UserDefaultConfig.swift */ = {isa = PBXFileReference; lastKnownFileType = sourcecode.swift; path = UserDefaultConfig.swift; sourceTree = "<group>"; };
		92AC5918247E7E8C00BB30E8 /* Score.swift */ = {isa = PBXFileReference; lastKnownFileType = sourcecode.swift; path = Score.swift; sourceTree = "<group>"; };
		B8F706D4247E43960068A802 /* instaaction.app */ = {isa = PBXFileReference; explicitFileType = wrapper.application; includeInIndex = 0; path = instaaction.app; sourceTree = BUILT_PRODUCTS_DIR; };
		B8F706D7247E43960068A802 /* AppDelegate.swift */ = {isa = PBXFileReference; lastKnownFileType = sourcecode.swift; path = AppDelegate.swift; sourceTree = "<group>"; };
		B8F706D9247E43960068A802 /* SceneDelegate.swift */ = {isa = PBXFileReference; lastKnownFileType = sourcecode.swift; path = SceneDelegate.swift; sourceTree = "<group>"; };
		B8F706DB247E43960068A802 /* HomeView.swift */ = {isa = PBXFileReference; lastKnownFileType = sourcecode.swift; path = HomeView.swift; sourceTree = "<group>"; };
		B8F706DD247E43990068A802 /* Assets.xcassets */ = {isa = PBXFileReference; lastKnownFileType = folder.assetcatalog; path = Assets.xcassets; sourceTree = "<group>"; };
		B8F706E0247E43990068A802 /* Preview Assets.xcassets */ = {isa = PBXFileReference; lastKnownFileType = folder.assetcatalog; path = "Preview Assets.xcassets"; sourceTree = "<group>"; };
		B8F706E3247E43990068A802 /* Base */ = {isa = PBXFileReference; lastKnownFileType = file.storyboard; name = Base; path = Base.lproj/LaunchScreen.storyboard; sourceTree = "<group>"; };
		B8F706E5247E43990068A802 /* Info.plist */ = {isa = PBXFileReference; lastKnownFileType = text.plist.xml; path = Info.plist; sourceTree = "<group>"; };
		B8F706EA247E43990068A802 /* instaactionTests.xctest */ = {isa = PBXFileReference; explicitFileType = wrapper.cfbundle; includeInIndex = 0; path = instaactionTests.xctest; sourceTree = BUILT_PRODUCTS_DIR; };
		B8F706EE247E43990068A802 /* instaactionTests.swift */ = {isa = PBXFileReference; lastKnownFileType = sourcecode.swift; path = instaactionTests.swift; sourceTree = "<group>"; };
		B8F706F0247E43990068A802 /* Info.plist */ = {isa = PBXFileReference; lastKnownFileType = text.plist.xml; path = Info.plist; sourceTree = "<group>"; };
/* End PBXFileReference section */

/* Begin PBXFrameworksBuildPhase section */
		B8F706D1247E43960068A802 /* Frameworks */ = {
			isa = PBXFrameworksBuildPhase;
			buildActionMask = 2147483647;
			files = (
			);
			runOnlyForDeploymentPostprocessing = 0;
		};
		B8F706E7247E43990068A802 /* Frameworks */ = {
			isa = PBXFrameworksBuildPhase;
			buildActionMask = 2147483647;
			files = (
			);
			runOnlyForDeploymentPostprocessing = 0;
		};
/* End PBXFrameworksBuildPhase section */

/* Begin PBXGroup section */
		B8F706CB247E43960068A802 = {
			isa = PBXGroup;
			children = (
				B8F706D6247E43960068A802 /* instaaction */,
				B8F706ED247E43990068A802 /* instaactionTests */,
				B8F706D5247E43960068A802 /* Products */,
			);
			sourceTree = "<group>";
		};
		B8F706D5247E43960068A802 /* Products */ = {
			isa = PBXGroup;
			children = (
				B8F706D4247E43960068A802 /* instaaction.app */,
				B8F706EA247E43990068A802 /* instaactionTests.xctest */,
			);
			name = Products;
			sourceTree = "<group>";
		};
		B8F706D6247E43960068A802 /* instaaction */ = {
			isa = PBXGroup;
			children = (
				B8F706D7247E43960068A802 /* AppDelegate.swift */,
				B8F706D9247E43960068A802 /* SceneDelegate.swift */,
				B8F706DB247E43960068A802 /* HomeView.swift */,
				B8F706DD247E43990068A802 /* Assets.xcassets */,
				B8F706E2247E43990068A802 /* LaunchScreen.storyboard */,
				B8F706E5247E43990068A802 /* Info.plist */,
				B8F706DF247E43990068A802 /* Preview Content */,
				92AC5914247E51B900BB30E8 /* OnboardingView.swift */,
				92AC5916247E763100BB30E8 /* UserDefaultConfig.swift */,
				92AC5918247E7E8C00BB30E8 /* Score.swift */,
			);
			path = instaaction;
			sourceTree = "<group>";
		};
		B8F706DF247E43990068A802 /* Preview Content */ = {
			isa = PBXGroup;
			children = (
				B8F706E0247E43990068A802 /* Preview Assets.xcassets */,
			);
			path = "Preview Content";
			sourceTree = "<group>";
		};
		B8F706ED247E43990068A802 /* instaactionTests */ = {
			isa = PBXGroup;
			children = (
				B8F706EE247E43990068A802 /* instaactionTests.swift */,
				B8F706F0247E43990068A802 /* Info.plist */,
			);
			path = instaactionTests;
			sourceTree = "<group>";
		};
/* End PBXGroup section */

/* Begin PBXNativeTarget section */
		B8F706D3247E43960068A802 /* instaaction */ = {
			isa = PBXNativeTarget;
			buildConfigurationList = B8F706F3247E43990068A802 /* Build configuration list for PBXNativeTarget "instaaction" */;
			buildPhases = (
				B8F706D0247E43960068A802 /* Sources */,
				B8F706D1247E43960068A802 /* Frameworks */,
				B8F706D2247E43960068A802 /* Resources */,
			);
			buildRules = (
			);
			dependencies = (
			);
			name = instaaction;
			productName = instaaction;
			productReference = B8F706D4247E43960068A802 /* instaaction.app */;
			productType = "com.apple.product-type.application";
		};
		B8F706E9247E43990068A802 /* instaactionTests */ = {
			isa = PBXNativeTarget;
			buildConfigurationList = B8F706F6247E43990068A802 /* Build configuration list for PBXNativeTarget "instaactionTests" */;
			buildPhases = (
				B8F706E6247E43990068A802 /* Sources */,
				B8F706E7247E43990068A802 /* Frameworks */,
				B8F706E8247E43990068A802 /* Resources */,
			);
			buildRules = (
			);
			dependencies = (
				B8F706EC247E43990068A802 /* PBXTargetDependency */,
			);
			name = instaactionTests;
			productName = instaactionTests;
			productReference = B8F706EA247E43990068A802 /* instaactionTests.xctest */;
			productType = "com.apple.product-type.bundle.unit-test";
		};
/* End PBXNativeTarget section */

/* Begin PBXProject section */
		B8F706CC247E43960068A802 /* Project object */ = {
			isa = PBXProject;
			attributes = {
				LastSwiftUpdateCheck = 1140;
				LastUpgradeCheck = 1140;
				ORGANIZATIONNAME = Schibsted;
				TargetAttributes = {
					B8F706D3247E43960068A802 = {
						CreatedOnToolsVersion = 11.4;
					};
					B8F706E9247E43990068A802 = {
						CreatedOnToolsVersion = 11.4;
						TestTargetID = B8F706D3247E43960068A802;
					};
				};
			};
			buildConfigurationList = B8F706CF247E43960068A802 /* Build configuration list for PBXProject "instaaction" */;
			compatibilityVersion = "Xcode 9.3";
			developmentRegion = en;
			hasScannedForEncodings = 0;
			knownRegions = (
				en,
				Base,
			);
			mainGroup = B8F706CB247E43960068A802;
			productRefGroup = B8F706D5247E43960068A802 /* Products */;
			projectDirPath = "";
			projectRoot = "";
			targets = (
				B8F706D3247E43960068A802 /* instaaction */,
				B8F706E9247E43990068A802 /* instaactionTests */,
			);
		};
/* End PBXProject section */

/* Begin PBXResourcesBuildPhase section */
		B8F706D2247E43960068A802 /* Resources */ = {
			isa = PBXResourcesBuildPhase;
			buildActionMask = 2147483647;
			files = (
				B8F706E4247E43990068A802 /* LaunchScreen.storyboard in Resources */,
				B8F706E1247E43990068A802 /* Preview Assets.xcassets in Resources */,
				B8F706DE247E43990068A802 /* Assets.xcassets in Resources */,
			);
			runOnlyForDeploymentPostprocessing = 0;
		};
		B8F706E8247E43990068A802 /* Resources */ = {
			isa = PBXResourcesBuildPhase;
			buildActionMask = 2147483647;
			files = (
			);
			runOnlyForDeploymentPostprocessing = 0;
		};
/* End PBXResourcesBuildPhase section */

/* Begin PBXSourcesBuildPhase section */
		B8F706D0247E43960068A802 /* Sources */ = {
			isa = PBXSourcesBuildPhase;
			buildActionMask = 2147483647;
			files = (
				92AC5917247E763200BB30E8 /* UserDefaultConfig.swift in Sources */,
				B8F706D8247E43960068A802 /* AppDelegate.swift in Sources */,
				92AC5915247E51B900BB30E8 /* OnboardingView.swift in Sources */,
				B8F706DA247E43960068A802 /* SceneDelegate.swift in Sources */,
				92AC5919247E7E8C00BB30E8 /* Score.swift in Sources */,
				B8F706DC247E43960068A802 /* HomeView.swift in Sources */,
			);
			runOnlyForDeploymentPostprocessing = 0;
		};
		B8F706E6247E43990068A802 /* Sources */ = {
			isa = PBXSourcesBuildPhase;
			buildActionMask = 2147483647;
			files = (
				B8F706EF247E43990068A802 /* instaactionTests.swift in Sources */,
			);
			runOnlyForDeploymentPostprocessing = 0;
		};
/* End PBXSourcesBuildPhase section */

/* Begin PBXTargetDependency section */
		B8F706EC247E43990068A802 /* PBXTargetDependency */ = {
			isa = PBXTargetDependency;
			target = B8F706D3247E43960068A802 /* instaaction */;
			targetProxy = B8F706EB247E43990068A802 /* PBXContainerItemProxy */;
		};
/* End PBXTargetDependency section */

/* Begin PBXVariantGroup section */
		B8F706E2247E43990068A802 /* LaunchScreen.storyboard */ = {
			isa = PBXVariantGroup;
			children = (
				B8F706E3247E43990068A802 /* Base */,
			);
			name = LaunchScreen.storyboard;
			sourceTree = "<group>";
		};
/* End PBXVariantGroup section */

/* Begin XCBuildConfiguration section */
		B8F706F1247E43990068A802 /* Debug */ = {
			isa = XCBuildConfiguration;
			buildSettings = {
				ALWAYS_SEARCH_USER_PATHS = NO;
				CLANG_ANALYZER_NONNULL = YES;
				CLANG_ANALYZER_NUMBER_OBJECT_CONVERSION = YES_AGGRESSIVE;
				CLANG_CXX_LANGUAGE_STANDARD = "gnu++14";
				CLANG_CXX_LIBRARY = "libc++";
				CLANG_ENABLE_MODULES = YES;
				CLANG_ENABLE_OBJC_ARC = YES;
				CLANG_ENABLE_OBJC_WEAK = YES;
				CLANG_WARN_BLOCK_CAPTURE_AUTORELEASING = YES;
				CLANG_WARN_BOOL_CONVERSION = YES;
				CLANG_WARN_COMMA = YES;
				CLANG_WARN_CONSTANT_CONVERSION = YES;
				CLANG_WARN_DEPRECATED_OBJC_IMPLEMENTATIONS = YES;
				CLANG_WARN_DIRECT_OBJC_ISA_USAGE = YES_ERROR;
				CLANG_WARN_DOCUMENTATION_COMMENTS = YES;
				CLANG_WARN_EMPTY_BODY = YES;
				CLANG_WARN_ENUM_CONVERSION = YES;
				CLANG_WARN_INFINITE_RECURSION = YES;
				CLANG_WARN_INT_CONVERSION = YES;
				CLANG_WARN_NON_LITERAL_NULL_CONVERSION = YES;
				CLANG_WARN_OBJC_IMPLICIT_RETAIN_SELF = YES;
				CLANG_WARN_OBJC_LITERAL_CONVERSION = YES;
				CLANG_WARN_OBJC_ROOT_CLASS = YES_ERROR;
				CLANG_WARN_RANGE_LOOP_ANALYSIS = YES;
				CLANG_WARN_STRICT_PROTOTYPES = YES;
				CLANG_WARN_SUSPICIOUS_MOVE = YES;
				CLANG_WARN_UNGUARDED_AVAILABILITY = YES_AGGRESSIVE;
				CLANG_WARN_UNREACHABLE_CODE = YES;
				CLANG_WARN__DUPLICATE_METHOD_MATCH = YES;
				COPY_PHASE_STRIP = NO;
				DEBUG_INFORMATION_FORMAT = dwarf;
				ENABLE_STRICT_OBJC_MSGSEND = YES;
				ENABLE_TESTABILITY = YES;
				GCC_C_LANGUAGE_STANDARD = gnu11;
				GCC_DYNAMIC_NO_PIC = NO;
				GCC_NO_COMMON_BLOCKS = YES;
				GCC_OPTIMIZATION_LEVEL = 0;
				GCC_PREPROCESSOR_DEFINITIONS = (
					"DEBUG=1",
					"$(inherited)",
				);
				GCC_WARN_64_TO_32_BIT_CONVERSION = YES;
				GCC_WARN_ABOUT_RETURN_TYPE = YES_ERROR;
				GCC_WARN_UNDECLARED_SELECTOR = YES;
				GCC_WARN_UNINITIALIZED_AUTOS = YES_AGGRESSIVE;
				GCC_WARN_UNUSED_FUNCTION = YES;
				GCC_WARN_UNUSED_VARIABLE = YES;
				IPHONEOS_DEPLOYMENT_TARGET = 13.4;
				MTL_ENABLE_DEBUG_INFO = INCLUDE_SOURCE;
				MTL_FAST_MATH = YES;
				ONLY_ACTIVE_ARCH = YES;
				SDKROOT = iphoneos;
				SWIFT_ACTIVE_COMPILATION_CONDITIONS = DEBUG;
				SWIFT_OPTIMIZATION_LEVEL = "-Onone";
			};
			name = Debug;
		};
		B8F706F2247E43990068A802 /* Release */ = {
			isa = XCBuildConfiguration;
			buildSettings = {
				ALWAYS_SEARCH_USER_PATHS = NO;
				CLANG_ANALYZER_NONNULL = YES;
				CLANG_ANALYZER_NUMBER_OBJECT_CONVERSION = YES_AGGRESSIVE;
				CLANG_CXX_LANGUAGE_STANDARD = "gnu++14";
				CLANG_CXX_LIBRARY = "libc++";
				CLANG_ENABLE_MODULES = YES;
				CLANG_ENABLE_OBJC_ARC = YES;
				CLANG_ENABLE_OBJC_WEAK = YES;
				CLANG_WARN_BLOCK_CAPTURE_AUTORELEASING = YES;
				CLANG_WARN_BOOL_CONVERSION = YES;
				CLANG_WARN_COMMA = YES;
				CLANG_WARN_CONSTANT_CONVERSION = YES;
				CLANG_WARN_DEPRECATED_OBJC_IMPLEMENTATIONS = YES;
				CLANG_WARN_DIRECT_OBJC_ISA_USAGE = YES_ERROR;
				CLANG_WARN_DOCUMENTATION_COMMENTS = YES;
				CLANG_WARN_EMPTY_BODY = YES;
				CLANG_WARN_ENUM_CONVERSION = YES;
				CLANG_WARN_INFINITE_RECURSION = YES;
				CLANG_WARN_INT_CONVERSION = YES;
				CLANG_WARN_NON_LITERAL_NULL_CONVERSION = YES;
				CLANG_WARN_OBJC_IMPLICIT_RETAIN_SELF = YES;
				CLANG_WARN_OBJC_LITERAL_CONVERSION = YES;
				CLANG_WARN_OBJC_ROOT_CLASS = YES_ERROR;
				CLANG_WARN_RANGE_LOOP_ANALYSIS = YES;
				CLANG_WARN_STRICT_PROTOTYPES = YES;
				CLANG_WARN_SUSPICIOUS_MOVE = YES;
				CLANG_WARN_UNGUARDED_AVAILABILITY = YES_AGGRESSIVE;
				CLANG_WARN_UNREACHABLE_CODE = YES;
				CLANG_WARN__DUPLICATE_METHOD_MATCH = YES;
				COPY_PHASE_STRIP = NO;
				DEBUG_INFORMATION_FORMAT = "dwarf-with-dsym";
				ENABLE_NS_ASSERTIONS = NO;
				ENABLE_STRICT_OBJC_MSGSEND = YES;
				GCC_C_LANGUAGE_STANDARD = gnu11;
				GCC_NO_COMMON_BLOCKS = YES;
				GCC_WARN_64_TO_32_BIT_CONVERSION = YES;
				GCC_WARN_ABOUT_RETURN_TYPE = YES_ERROR;
				GCC_WARN_UNDECLARED_SELECTOR = YES;
				GCC_WARN_UNINITIALIZED_AUTOS = YES_AGGRESSIVE;
				GCC_WARN_UNUSED_FUNCTION = YES;
				GCC_WARN_UNUSED_VARIABLE = YES;
				IPHONEOS_DEPLOYMENT_TARGET = 13.4;
				MTL_ENABLE_DEBUG_INFO = NO;
				MTL_FAST_MATH = YES;
				SDKROOT = iphoneos;
				SWIFT_COMPILATION_MODE = wholemodule;
				SWIFT_OPTIMIZATION_LEVEL = "-O";
				VALIDATE_PRODUCT = YES;
			};
			name = Release;
		};
		B8F706F4247E43990068A802 /* Debug */ = {
			isa = XCBuildConfiguration;
			buildSettings = {
				ASSETCATALOG_COMPILER_APPICON_NAME = AppIcon;
				CODE_SIGN_STYLE = Automatic;
				DEVELOPMENT_ASSET_PATHS = "\"instaaction/Preview Content\"";
				DEVELOPMENT_TEAM = EN7GDLAQM2;
				ENABLE_PREVIEWS = YES;
				INFOPLIST_FILE = instaaction/Info.plist;
				LD_RUNPATH_SEARCH_PATHS = (
					"$(inherited)",
					"@executable_path/Frameworks",
				);
				PRODUCT_BUNDLE_IDENTIFIER = no.schibsted.instaaction;
				PRODUCT_NAME = "$(TARGET_NAME)";
				SWIFT_VERSION = 5.0;
				TARGETED_DEVICE_FAMILY = "1,2";
			};
			name = Debug;
		};
		B8F706F5247E43990068A802 /* Release */ = {
			isa = XCBuildConfiguration;
			buildSettings = {
				ASSETCATALOG_COMPILER_APPICON_NAME = AppIcon;
				CODE_SIGN_STYLE = Automatic;
				DEVELOPMENT_ASSET_PATHS = "\"instaaction/Preview Content\"";
				DEVELOPMENT_TEAM = EN7GDLAQM2;
				ENABLE_PREVIEWS = YES;
				INFOPLIST_FILE = instaaction/Info.plist;
				LD_RUNPATH_SEARCH_PATHS = (
					"$(inherited)",
					"@executable_path/Frameworks",
				);
				PRODUCT_BUNDLE_IDENTIFIER = no.schibsted.instaaction;
				PRODUCT_NAME = "$(TARGET_NAME)";
				SWIFT_VERSION = 5.0;
				TARGETED_DEVICE_FAMILY = "1,2";
			};
			name = Release;
		};
		B8F706F7247E43990068A802 /* Debug */ = {
			isa = XCBuildConfiguration;
			buildSettings = {
				ALWAYS_EMBED_SWIFT_STANDARD_LIBRARIES = YES;
				BUNDLE_LOADER = "$(TEST_HOST)";
				CODE_SIGN_STYLE = Automatic;
				DEVELOPMENT_TEAM = EN7GDLAQM2;
				INFOPLIST_FILE = instaactionTests/Info.plist;
				IPHONEOS_DEPLOYMENT_TARGET = 13.4;
				LD_RUNPATH_SEARCH_PATHS = (
					"$(inherited)",
					"@executable_path/Frameworks",
					"@loader_path/Frameworks",
				);
				PRODUCT_BUNDLE_IDENTIFIER = no.schibsted.instaactionTests;
				PRODUCT_NAME = "$(TARGET_NAME)";
				SWIFT_VERSION = 5.0;
				TARGETED_DEVICE_FAMILY = "1,2";
				TEST_HOST = "$(BUILT_PRODUCTS_DIR)/instaaction.app/instaaction";
			};
			name = Debug;
		};
		B8F706F8247E43990068A802 /* Release */ = {
			isa = XCBuildConfiguration;
			buildSettings = {
				ALWAYS_EMBED_SWIFT_STANDARD_LIBRARIES = YES;
				BUNDLE_LOADER = "$(TEST_HOST)";
				CODE_SIGN_STYLE = Automatic;
				DEVELOPMENT_TEAM = EN7GDLAQM2;
				INFOPLIST_FILE = instaactionTests/Info.plist;
				IPHONEOS_DEPLOYMENT_TARGET = 13.4;
				LD_RUNPATH_SEARCH_PATHS = (
					"$(inherited)",
					"@executable_path/Frameworks",
					"@loader_path/Frameworks",
				);
				PRODUCT_BUNDLE_IDENTIFIER = no.schibsted.instaactionTests;
				PRODUCT_NAME = "$(TARGET_NAME)";
				SWIFT_VERSION = 5.0;
				TARGETED_DEVICE_FAMILY = "1,2";
				TEST_HOST = "$(BUILT_PRODUCTS_DIR)/instaaction.app/instaaction";
			};
			name = Release;
		};
/* End XCBuildConfiguration section */

/* Begin XCConfigurationList section */
		B8F706CF247E43960068A802 /* Build configuration list for PBXProject "instaaction" */ = {
			isa = XCConfigurationList;
			buildConfigurations = (
				B8F706F1247E43990068A802 /* Debug */,
				B8F706F2247E43990068A802 /* Release */,
			);
			defaultConfigurationIsVisible = 0;
			defaultConfigurationName = Release;
		};
		B8F706F3247E43990068A802 /* Build configuration list for PBXNativeTarget "instaaction" */ = {
			isa = XCConfigurationList;
			buildConfigurations = (
				B8F706F4247E43990068A802 /* Debug */,
				B8F706F5247E43990068A802 /* Release */,
			);
			defaultConfigurationIsVisible = 0;
			defaultConfigurationName = Release;
		};
		B8F706F6247E43990068A802 /* Build configuration list for PBXNativeTarget "instaactionTests" */ = {
			isa = XCConfigurationList;
			buildConfigurations = (
				B8F706F7247E43990068A802 /* Debug */,
				B8F706F8247E43990068A802 /* Release */,
			);
			defaultConfigurationIsVisible = 0;
			defaultConfigurationName = Release;
		};
/* End XCConfigurationList section */
	};
	rootObject = B8F706CC247E43960068A802 /* Project object */;
}
